// !$*UTF8*$!
{
	archiveVersion = 1;
	classes = {
	};
	objectVersion = 56;
	objects = {

/* Begin PBXBuildFile section */
		0566F5272C6D5ABC0017947B /* AppDelegate.swift in Sources */ = {isa = PBXBuildFile; fileRef = 0566F5262C6D5ABC0017947B /* AppDelegate.swift */; };
		0566F5292C6D5ABC0017947B /* SceneDelegate.swift in Sources */ = {isa = PBXBuildFile; fileRef = 0566F5282C6D5ABC0017947B /* SceneDelegate.swift */; };
		0566F5302C6D5ABD0017947B /* Assets.xcassets in Resources */ = {isa = PBXBuildFile; fileRef = 0566F52F2C6D5ABD0017947B /* Assets.xcassets */; };
		0566F5332C6D5ABD0017947B /* Base in Resources */ = {isa = PBXBuildFile; fileRef = 0566F5322C6D5ABD0017947B /* Base */; };
		0566F53B2C6D5D770017947B /* CameraViewController.swift in Sources */ = {isa = PBXBuildFile; fileRef = 0566F53A2C6D5D770017947B /* CameraViewController.swift */; };
		05C13FED2C6E35290007D817 /* CameraManager.swift in Sources */ = {isa = PBXBuildFile; fileRef = 05C13FEC2C6E35290007D817 /* CameraManager.swift */; };
		05C13FEF2C6E398B0007D817 /* AlertUtility.swift in Sources */ = {isa = PBXBuildFile; fileRef = 05C13FEE2C6E398B0007D817 /* AlertUtility.swift */; };
		05C13FF12C6E3B820007D817 /* TopViewControllerUtility.swift in Sources */ = {isa = PBXBuildFile; fileRef = 05C13FF02C6E3B820007D817 /* TopViewControllerUtility.swift */; };
/* End PBXBuildFile section */

/* Begin PBXFileReference section */
		0566F5232C6D5ABC0017947B /* camera-app.app */ = {isa = PBXFileReference; explicitFileType = wrapper.application; includeInIndex = 0; path = "camera-app.app"; sourceTree = BUILT_PRODUCTS_DIR; };
		0566F5262C6D5ABC0017947B /* AppDelegate.swift */ = {isa = PBXFileReference; lastKnownFileType = sourcecode.swift; path = AppDelegate.swift; sourceTree = "<group>"; };
		0566F5282C6D5ABC0017947B /* SceneDelegate.swift */ = {isa = PBXFileReference; lastKnownFileType = sourcecode.swift; path = SceneDelegate.swift; sourceTree = "<group>"; };
		0566F52F2C6D5ABD0017947B /* Assets.xcassets */ = {isa = PBXFileReference; lastKnownFileType = folder.assetcatalog; path = Assets.xcassets; sourceTree = "<group>"; };
		0566F5322C6D5ABD0017947B /* Base */ = {isa = PBXFileReference; lastKnownFileType = file.storyboard; name = Base; path = Base.lproj/LaunchScreen.storyboard; sourceTree = "<group>"; };
		0566F5342C6D5ABD0017947B /* Info.plist */ = {isa = PBXFileReference; lastKnownFileType = text.plist.xml; path = Info.plist; sourceTree = "<group>"; };
		0566F53A2C6D5D770017947B /* CameraViewController.swift */ = {isa = PBXFileReference; lastKnownFileType = sourcecode.swift; path = CameraViewController.swift; sourceTree = "<group>"; };
		05C13FEC2C6E35290007D817 /* CameraManager.swift */ = {isa = PBXFileReference; lastKnownFileType = sourcecode.swift; path = CameraManager.swift; sourceTree = "<group>"; };
		05C13FEE2C6E398B0007D817 /* AlertUtility.swift */ = {isa = PBXFileReference; lastKnownFileType = sourcecode.swift; path = AlertUtility.swift; sourceTree = "<group>"; };
		05C13FF02C6E3B820007D817 /* TopViewControllerUtility.swift */ = {isa = PBXFileReference; lastKnownFileType = sourcecode.swift; path = TopViewControllerUtility.swift; sourceTree = "<group>"; };
/* End PBXFileReference section */

/* Begin PBXFrameworksBuildPhase section */
		0566F5202C6D5ABC0017947B /* Frameworks */ = {
			isa = PBXFrameworksBuildPhase;
			buildActionMask = 2147483647;
			files = (
			);
			runOnlyForDeploymentPostprocessing = 0;
		};
/* End PBXFrameworksBuildPhase section */

/* Begin PBXGroup section */
		0566F51A2C6D5ABC0017947B = {
			isa = PBXGroup;
			children = (
				0566F5252C6D5ABC0017947B /* camera-app */,
				0566F5242C6D5ABC0017947B /* Products */,
			);
			sourceTree = "<group>";
		};
		0566F5242C6D5ABC0017947B /* Products */ = {
			isa = PBXGroup;
			children = (
				0566F5232C6D5ABC0017947B /* camera-app.app */,
			);
			name = Products;
			sourceTree = "<group>";
		};
		0566F5252C6D5ABC0017947B /* camera-app */ = {
			isa = PBXGroup;
			children = (
				0566F5452C6D60BF0017947B /* Application */,
				0566F5402C6D60220017947B /* Models */,
				0566F53F2C6D60190017947B /* Views */,
				0566F53E2C6D60000017947B /* Controllers */,
				0566F5422C6D60320017947B /* Managers */,
				0566F5432C6D605D0017947B /* Utilities */,
				0566F5442C6D60730017947B /* Extensions */,
				0566F5412C6D60280017947B /* Resources */,
			);
			path = "camera-app";
			sourceTree = "<group>";
		};
		0566F53E2C6D60000017947B /* Controllers */ = {
			isa = PBXGroup;
			children = (
				0566F53A2C6D5D770017947B /* CameraViewController.swift */,
			);
			path = Controllers;
			sourceTree = "<group>";
		};
		0566F53F2C6D60190017947B /* Views */ = {
			isa = PBXGroup;
			children = (
			);
			path = Views;
			sourceTree = "<group>";
		};
		0566F5402C6D60220017947B /* Models */ = {
			isa = PBXGroup;
			children = (
			);
			path = Models;
			sourceTree = "<group>";
		};
		0566F5412C6D60280017947B /* Resources */ = {
			isa = PBXGroup;
			children = (
				0566F52F2C6D5ABD0017947B /* Assets.xcassets */,
				0566F5312C6D5ABD0017947B /* LaunchScreen.storyboard */,
				0566F5342C6D5ABD0017947B /* Info.plist */,
			);
			path = Resources;
			sourceTree = "<group>";
		};
		0566F5422C6D60320017947B /* Managers */ = {
			isa = PBXGroup;
			children = (
				05C13FEC2C6E35290007D817 /* CameraManager.swift */,
			);
			path = Managers;
			sourceTree = "<group>";
		};
		0566F5432C6D605D0017947B /* Utilities */ = {
			isa = PBXGroup;
			children = (
				05C13FEE2C6E398B0007D817 /* AlertUtility.swift */,
				05C13FF02C6E3B820007D817 /* TopViewControllerUtility.swift */,
			);
			path = Utilities;
			sourceTree = "<group>";
		};
		0566F5442C6D60730017947B /* Extensions */ = {
			isa = PBXGroup;
			children = (
			);
			path = Extensions;
			sourceTree = "<group>";
		};
		0566F5452C6D60BF0017947B /* Application */ = {
			isa = PBXGroup;
			children = (
				0566F5262C6D5ABC0017947B /* AppDelegate.swift */,
				0566F5282C6D5ABC0017947B /* SceneDelegate.swift */,
			);
			path = Application;
			sourceTree = "<group>";
		};
/* End PBXGroup section */

/* Begin PBXNativeTarget section */
		0566F5222C6D5ABC0017947B /* camera-app */ = {
			isa = PBXNativeTarget;
			buildConfigurationList = 0566F5372C6D5ABD0017947B /* Build configuration list for PBXNativeTarget "camera-app" */;
			buildPhases = (
				0566F51F2C6D5ABC0017947B /* Sources */,
				0566F5202C6D5ABC0017947B /* Frameworks */,
				0566F5212C6D5ABC0017947B /* Resources */,
			);
			buildRules = (
			);
			dependencies = (
			);
			name = "camera-app";
			productName = "camera-app";
			productReference = 0566F5232C6D5ABC0017947B /* camera-app.app */;
			productType = "com.apple.product-type.application";
		};
/* End PBXNativeTarget section */

/* Begin PBXProject section */
		0566F51B2C6D5ABC0017947B /* Project object */ = {
			isa = PBXProject;
			attributes = {
				BuildIndependentTargetsInParallel = 1;
				LastSwiftUpdateCheck = 1540;
				LastUpgradeCheck = 1540;
				TargetAttributes = {
					0566F5222C6D5ABC0017947B = {
						CreatedOnToolsVersion = 15.4;
					};
				};
			};
			buildConfigurationList = 0566F51E2C6D5ABC0017947B /* Build configuration list for PBXProject "camera-app" */;
			compatibilityVersion = "Xcode 14.0";
			developmentRegion = en;
			hasScannedForEncodings = 0;
			knownRegions = (
				en,
				Base,
			);
			mainGroup = 0566F51A2C6D5ABC0017947B;
			productRefGroup = 0566F5242C6D5ABC0017947B /* Products */;
			projectDirPath = "";
			projectRoot = "";
			targets = (
				0566F5222C6D5ABC0017947B /* camera-app */,
			);
		};
/* End PBXProject section */

/* Begin PBXResourcesBuildPhase section */
		0566F5212C6D5ABC0017947B /* Resources */ = {
			isa = PBXResourcesBuildPhase;
			buildActionMask = 2147483647;
			files = (
				0566F5302C6D5ABD0017947B /* Assets.xcassets in Resources */,
				0566F5332C6D5ABD0017947B /* Base in Resources */,
			);
			runOnlyForDeploymentPostprocessing = 0;
		};
/* End PBXResourcesBuildPhase section */

/* Begin PBXSourcesBuildPhase section */
		0566F51F2C6D5ABC0017947B /* Sources */ = {
			isa = PBXSourcesBuildPhase;
			buildActionMask = 2147483647;
			files = (
				0566F53B2C6D5D770017947B /* CameraViewController.swift in Sources */,
				0566F5272C6D5ABC0017947B /* AppDelegate.swift in Sources */,
				05C13FED2C6E35290007D817 /* CameraManager.swift in Sources */,
				05C13FF12C6E3B820007D817 /* TopViewControllerUtility.swift in Sources */,
				0566F5292C6D5ABC0017947B /* SceneDelegate.swift in Sources */,
				05C13FEF2C6E398B0007D817 /* AlertUtility.swift in Sources */,
			);
			runOnlyForDeploymentPostprocessing = 0;
		};
/* End PBXSourcesBuildPhase section */

/* Begin PBXVariantGroup section */
		0566F5312C6D5ABD0017947B /* LaunchScreen.storyboard */ = {
			isa = PBXVariantGroup;
			children = (
				0566F5322C6D5ABD0017947B /* Base */,
			);
			name = LaunchScreen.storyboard;
			sourceTree = "<group>";
		};
/* End PBXVariantGroup section */

/* Begin XCBuildConfiguration section */
		0566F5352C6D5ABD0017947B /* Debug */ = {
			isa = XCBuildConfiguration;
			buildSettings = {
				ALWAYS_SEARCH_USER_PATHS = NO;
				ASSETCATALOG_COMPILER_GENERATE_SWIFT_ASSET_SYMBOL_EXTENSIONS = YES;
				CLANG_ANALYZER_NONNULL = YES;
				CLANG_ANALYZER_NUMBER_OBJECT_CONVERSION = YES_AGGRESSIVE;
				CLANG_CXX_LANGUAGE_STANDARD = "gnu++20";
				CLANG_ENABLE_MODULES = YES;
				CLANG_ENABLE_OBJC_ARC = YES;
				CLANG_ENABLE_OBJC_WEAK = YES;
				CLANG_WARN_BLOCK_CAPTURE_AUTORELEASING = YES;
				CLANG_WARN_BOOL_CONVERSION = YES;
				CLANG_WARN_COMMA = YES;
				CLANG_WARN_CONSTANT_CONVERSION = YES;
				CLANG_WARN_DEPRECATED_OBJC_IMPLEMENTATIONS = YES;
				CLANG_WARN_DIRECT_OBJC_ISA_USAGE = YES_ERROR;
				CLANG_WARN_DOCUMENTATION_COMMENTS = YES;
				CLANG_WARN_EMPTY_BODY = YES;
				CLANG_WARN_ENUM_CONVERSION = YES;
				CLANG_WARN_INFINITE_RECURSION = YES;
				CLANG_WARN_INT_CONVERSION = YES;
				CLANG_WARN_NON_LITERAL_NULL_CONVERSION = YES;
				CLANG_WARN_OBJC_IMPLICIT_RETAIN_SELF = YES;
				CLANG_WARN_OBJC_LITERAL_CONVERSION = YES;
				CLANG_WARN_OBJC_ROOT_CLASS = YES_ERROR;
				CLANG_WARN_QUOTED_INCLUDE_IN_FRAMEWORK_HEADER = YES;
				CLANG_WARN_RANGE_LOOP_ANALYSIS = YES;
				CLANG_WARN_STRICT_PROTOTYPES = YES;
				CLANG_WARN_SUSPICIOUS_MOVE = YES;
				CLANG_WARN_UNGUARDED_AVAILABILITY = YES_AGGRESSIVE;
				CLANG_WARN_UNREACHABLE_CODE = YES;
				CLANG_WARN__DUPLICATE_METHOD_MATCH = YES;
				COPY_PHASE_STRIP = NO;
				DEBUG_INFORMATION_FORMAT = dwarf;
				ENABLE_STRICT_OBJC_MSGSEND = YES;
				ENABLE_TESTABILITY = YES;
				ENABLE_USER_SCRIPT_SANDBOXING = YES;
				GCC_C_LANGUAGE_STANDARD = gnu17;
				GCC_DYNAMIC_NO_PIC = NO;
				GCC_NO_COMMON_BLOCKS = YES;
				GCC_OPTIMIZATION_LEVEL = 0;
				GCC_PREPROCESSOR_DEFINITIONS = (
					"DEBUG=1",
					"$(inherited)",
				);
				GCC_WARN_64_TO_32_BIT_CONVERSION = YES;
				GCC_WARN_ABOUT_RETURN_TYPE = YES_ERROR;
				GCC_WARN_UNDECLARED_SELECTOR = YES;
				GCC_WARN_UNINITIALIZED_AUTOS = YES_AGGRESSIVE;
				GCC_WARN_UNUSED_FUNCTION = YES;
				GCC_WARN_UNUSED_VARIABLE = YES;
				INFOPLIST_FILE = Resources/Info.plist;
				IPHONEOS_DEPLOYMENT_TARGET = 17.5;
				LOCALIZATION_PREFERS_STRING_CATALOGS = YES;
				MTL_ENABLE_DEBUG_INFO = INCLUDE_SOURCE;
				MTL_FAST_MATH = YES;
				ONLY_ACTIVE_ARCH = YES;
				SDKROOT = iphoneos;
				SWIFT_ACTIVE_COMPILATION_CONDITIONS = "DEBUG $(inherited)";
				SWIFT_OPTIMIZATION_LEVEL = "-Onone";
			};
			name = Debug;
		};
		0566F5362C6D5ABD0017947B /* Release */ = {
			isa = XCBuildConfiguration;
			buildSettings = {
				ALWAYS_SEARCH_USER_PATHS = NO;
				ASSETCATALOG_COMPILER_GENERATE_SWIFT_ASSET_SYMBOL_EXTENSIONS = YES;
				CLANG_ANALYZER_NONNULL = YES;
				CLANG_ANALYZER_NUMBER_OBJECT_CONVERSION = YES_AGGRESSIVE;
				CLANG_CXX_LANGUAGE_STANDARD = "gnu++20";
				CLANG_ENABLE_MODULES = YES;
				CLANG_ENABLE_OBJC_ARC = YES;
				CLANG_ENABLE_OBJC_WEAK = YES;
				CLANG_WARN_BLOCK_CAPTURE_AUTORELEASING = YES;
				CLANG_WARN_BOOL_CONVERSION = YES;
				CLANG_WARN_COMMA = YES;
				CLANG_WARN_CONSTANT_CONVERSION = YES;
				CLANG_WARN_DEPRECATED_OBJC_IMPLEMENTATIONS = YES;
				CLANG_WARN_DIRECT_OBJC_ISA_USAGE = YES_ERROR;
				CLANG_WARN_DOCUMENTATION_COMMENTS = YES;
				CLANG_WARN_EMPTY_BODY = YES;
				CLANG_WARN_ENUM_CONVERSION = YES;
				CLANG_WARN_INFINITE_RECURSION = YES;
				CLANG_WARN_INT_CONVERSION = YES;
				CLANG_WARN_NON_LITERAL_NULL_CONVERSION = YES;
				CLANG_WARN_OBJC_IMPLICIT_RETAIN_SELF = YES;
				CLANG_WARN_OBJC_LITERAL_CONVERSION = YES;
				CLANG_WARN_OBJC_ROOT_CLASS = YES_ERROR;
				CLANG_WARN_QUOTED_INCLUDE_IN_FRAMEWORK_HEADER = YES;
				CLANG_WARN_RANGE_LOOP_ANALYSIS = YES;
				CLANG_WARN_STRICT_PROTOTYPES = YES;
				CLANG_WARN_SUSPICIOUS_MOVE = YES;
				CLANG_WARN_UNGUARDED_AVAILABILITY = YES_AGGRESSIVE;
				CLANG_WARN_UNREACHABLE_CODE = YES;
				CLANG_WARN__DUPLICATE_METHOD_MATCH = YES;
				COPY_PHASE_STRIP = NO;
				DEBUG_INFORMATION_FORMAT = "dwarf-with-dsym";
				ENABLE_NS_ASSERTIONS = NO;
				ENABLE_STRICT_OBJC_MSGSEND = YES;
				ENABLE_USER_SCRIPT_SANDBOXING = YES;
				GCC_C_LANGUAGE_STANDARD = gnu17;
				GCC_NO_COMMON_BLOCKS = YES;
				GCC_WARN_64_TO_32_BIT_CONVERSION = YES;
				GCC_WARN_ABOUT_RETURN_TYPE = YES_ERROR;
				GCC_WARN_UNDECLARED_SELECTOR = YES;
				GCC_WARN_UNINITIALIZED_AUTOS = YES_AGGRESSIVE;
				GCC_WARN_UNUSED_FUNCTION = YES;
				GCC_WARN_UNUSED_VARIABLE = YES;
				INFOPLIST_FILE = Resources/Info.plist;
				IPHONEOS_DEPLOYMENT_TARGET = 17.5;
				LOCALIZATION_PREFERS_STRING_CATALOGS = YES;
				MTL_ENABLE_DEBUG_INFO = NO;
				MTL_FAST_MATH = YES;
				SDKROOT = iphoneos;
				SWIFT_COMPILATION_MODE = wholemodule;
				VALIDATE_PRODUCT = YES;
			};
			name = Release;
		};
		0566F5382C6D5ABD0017947B /* Debug */ = {
			isa = XCBuildConfiguration;
			buildSettings = {
				ASSETCATALOG_COMPILER_APPICON_NAME = AppIcon;
				ASSETCATALOG_COMPILER_GLOBAL_ACCENT_COLOR_NAME = AccentColor;
				CODE_SIGN_STYLE = Automatic;
				CURRENT_PROJECT_VERSION = 1;
				DEVELOPMENT_TEAM = 2CVT63B2DP;
				GENERATE_INFOPLIST_FILE = YES;
				INFOPLIST_FILE = "camera-app/Resources/Info.plist";
				INFOPLIST_KEY_UIApplicationSupportsIndirectInputEvents = YES;
				INFOPLIST_KEY_UILaunchStoryboardName = LaunchScreen;
				INFOPLIST_KEY_UIMainStoryboardFile = Main;
				INFOPLIST_KEY_UISupportedInterfaceOrientations = UIInterfaceOrientationPortrait;
				INFOPLIST_KEY_UISupportedInterfaceOrientations_iPad = "UIInterfaceOrientationLandscapeLeft UIInterfaceOrientationLandscapeRight UIInterfaceOrientationPortrait UIInterfaceOrientationPortraitUpsideDown";
				IPHONEOS_DEPLOYMENT_TARGET = 17.0;
				LD_RUNPATH_SEARCH_PATHS = (
					"$(inherited)",
					"@executable_path/Frameworks",
				);
				MARKETING_VERSION = 1.0;
				PRODUCT_BUNDLE_IDENTIFIER = "com.keremuslular.camera-app";
				PRODUCT_NAME = "$(TARGET_NAME)";
				SWIFT_EMIT_LOC_STRINGS = YES;
				SWIFT_VERSION = 5.0;
				TARGETED_DEVICE_FAMILY = "1,2";
			};
			name = Debug;
		};
		0566F5392C6D5ABD0017947B /* Release */ = {
			isa = XCBuildConfiguration;
			buildSettings = {
				ASSETCATALOG_COMPILER_APPICON_NAME = AppIcon;
				ASSETCATALOG_COMPILER_GLOBAL_ACCENT_COLOR_NAME = AccentColor;
				CODE_SIGN_STYLE = Automatic;
				CURRENT_PROJECT_VERSION = 1;
				DEVELOPMENT_TEAM = 2CVT63B2DP;
				GENERATE_INFOPLIST_FILE = YES;
				INFOPLIST_FILE = "camera-app/Resources/Info.plist";
				INFOPLIST_KEY_UIApplicationSupportsIndirectInputEvents = YES;
				INFOPLIST_KEY_UILaunchStoryboardName = LaunchScreen;
				INFOPLIST_KEY_UIMainStoryboardFile = Main;
				INFOPLIST_KEY_UISupportedInterfaceOrientations = UIInterfaceOrientationPortrait;
				INFOPLIST_KEY_UISupportedInterfaceOrientations_iPad = "UIInterfaceOrientationLandscapeLeft UIInterfaceOrientationLandscapeRight UIInterfaceOrientationPortrait UIInterfaceOrientationPortraitUpsideDown";
				IPHONEOS_DEPLOYMENT_TARGET = 17.0;
				LD_RUNPATH_SEARCH_PATHS = (
					"$(inherited)",
					"@executable_path/Frameworks",
				);
				MARKETING_VERSION = 1.0;
				PRODUCT_BUNDLE_IDENTIFIER = "com.keremuslular.camera-app";
				PRODUCT_NAME = "$(TARGET_NAME)";
				SWIFT_EMIT_LOC_STRINGS = YES;
				SWIFT_VERSION = 5.0;
				TARGETED_DEVICE_FAMILY = "1,2";
			};
			name = Release;
		};
/* End XCBuildConfiguration section */

/* Begin XCConfigurationList section */
		0566F51E2C6D5ABC0017947B /* Build configuration list for PBXProject "camera-app" */ = {
			isa = XCConfigurationList;
			buildConfigurations = (
				0566F5352C6D5ABD0017947B /* Debug */,
				0566F5362C6D5ABD0017947B /* Release */,
			);
			defaultConfigurationIsVisible = 0;
			defaultConfigurationName = Release;
		};
		0566F5372C6D5ABD0017947B /* Build configuration list for PBXNativeTarget "camera-app" */ = {
			isa = XCConfigurationList;
			buildConfigurations = (
				0566F5382C6D5ABD0017947B /* Debug */,
				0566F5392C6D5ABD0017947B /* Release */,
			);
			defaultConfigurationIsVisible = 0;
			defaultConfigurationName = Release;
		};
/* End XCConfigurationList section */
	};
	rootObject = 0566F51B2C6D5ABC0017947B /* Project object */;
}
